// !$*UTF8*$!
{
	archiveVersion = 1;
	classes = {
	};
	objectVersion = 55;
	objects = {

/* Begin PBXBuildFile section */
		825BCDED2952DDBD00DF8296 /* ExperimentsViewController.swift in Sources */ = {isa = PBXBuildFile; fileRef = 825BCDEC2952DDBD00DF8296 /* ExperimentsViewController.swift */; };
		825BCDF02952F34700DF8296 /* ReorderCollectionViewController.swift in Sources */ = {isa = PBXBuildFile; fileRef = 825BCDEF2952F34700DF8296 /* ReorderCollectionViewController.swift */; };
		8260A47C288A53150032CEE3 /* AppDelegate.swift in Sources */ = {isa = PBXBuildFile; fileRef = 8260A47B288A53150032CEE3 /* AppDelegate.swift */; };
		8260A47E288A53150032CEE3 /* SceneDelegate.swift in Sources */ = {isa = PBXBuildFile; fileRef = 8260A47D288A53150032CEE3 /* SceneDelegate.swift */; };
		8260A480288A53150032CEE3 /* TextView.swift in Sources */ = {isa = PBXBuildFile; fileRef = 8260A47F288A53150032CEE3 /* TextView.swift */; };
		8260A485288A53180032CEE3 /* Assets.xcassets in Resources */ = {isa = PBXBuildFile; fileRef = 8260A484288A53180032CEE3 /* Assets.xcassets */; };
		8260A488288A53180032CEE3 /* LaunchScreen.storyboard in Resources */ = {isa = PBXBuildFile; fileRef = 8260A486288A53180032CEE3 /* LaunchScreen.storyboard */; };
		8260A493288A53180032CEE3 /* uikit_playgroudTests.swift in Sources */ = {isa = PBXBuildFile; fileRef = 8260A492288A53180032CEE3 /* uikit_playgroudTests.swift */; };
		8260A49D288A53180032CEE3 /* uikit_playgroudUITests.swift in Sources */ = {isa = PBXBuildFile; fileRef = 8260A49C288A53180032CEE3 /* uikit_playgroudUITests.swift */; };
		8260A49F288A53180032CEE3 /* uikit_playgroudUITestsLaunchTests.swift in Sources */ = {isa = PBXBuildFile; fileRef = 8260A49E288A53180032CEE3 /* uikit_playgroudUITestsLaunchTests.swift */; };
		82B2816C2896F631001881B6 /* setup.swift in Sources */ = {isa = PBXBuildFile; fileRef = 82B2816B2896F631001881B6 /* setup.swift */; };
		82BAF80C2BAFDD37008FFB32 /* BalloonsViewController.swift in Sources */ = {isa = PBXBuildFile; fileRef = 82BAF80B2BAFDD37008FFB32 /* BalloonsViewController.swift */; };
		82BAF80E2BB118BD008FFB32 /* BalloonsView.swift in Sources */ = {isa = PBXBuildFile; fileRef = 82BAF80D2BB118BD008FFB32 /* BalloonsView.swift */; };
		82BAF8102BB118D7008FFB32 /* BalloonLayer.swift in Sources */ = {isa = PBXBuildFile; fileRef = 82BAF80F2BB118D7008FFB32 /* BalloonLayer.swift */; };
		82DA361A28976FC40001D75F /* Experiment.swift in Sources */ = {isa = PBXBuildFile; fileRef = 82DA361928976FC40001D75F /* Experiment.swift */; };
/* End PBXBuildFile section */

/* Begin PBXContainerItemProxy section */
		8260A48F288A53180032CEE3 /* PBXContainerItemProxy */ = {
			isa = PBXContainerItemProxy;
			containerPortal = 8260A470288A53150032CEE3 /* Project object */;
			proxyType = 1;
			remoteGlobalIDString = 8260A477288A53150032CEE3;
			remoteInfo = "uikit-playgroud";
		};
		8260A499288A53180032CEE3 /* PBXContainerItemProxy */ = {
			isa = PBXContainerItemProxy;
			containerPortal = 8260A470288A53150032CEE3 /* Project object */;
			proxyType = 1;
			remoteGlobalIDString = 8260A477288A53150032CEE3;
			remoteInfo = "uikit-playgroud";
		};
/* End PBXContainerItemProxy section */

/* Begin PBXFileReference section */
		825BCDEC2952DDBD00DF8296 /* ExperimentsViewController.swift */ = {isa = PBXFileReference; lastKnownFileType = sourcecode.swift; path = ExperimentsViewController.swift; sourceTree = "<group>"; };
		825BCDEF2952F34700DF8296 /* ReorderCollectionViewController.swift */ = {isa = PBXFileReference; lastKnownFileType = sourcecode.swift; path = ReorderCollectionViewController.swift; sourceTree = "<group>"; };
		8260A478288A53150032CEE3 /* uikit-playgroud.app */ = {isa = PBXFileReference; explicitFileType = wrapper.application; includeInIndex = 0; path = "uikit-playgroud.app"; sourceTree = BUILT_PRODUCTS_DIR; };
		8260A47B288A53150032CEE3 /* AppDelegate.swift */ = {isa = PBXFileReference; lastKnownFileType = sourcecode.swift; path = AppDelegate.swift; sourceTree = "<group>"; };
		8260A47D288A53150032CEE3 /* SceneDelegate.swift */ = {isa = PBXFileReference; lastKnownFileType = sourcecode.swift; path = SceneDelegate.swift; sourceTree = "<group>"; };
		8260A47F288A53150032CEE3 /* TextView.swift */ = {isa = PBXFileReference; lastKnownFileType = sourcecode.swift; path = TextView.swift; sourceTree = "<group>"; };
		8260A484288A53180032CEE3 /* Assets.xcassets */ = {isa = PBXFileReference; lastKnownFileType = folder.assetcatalog; path = Assets.xcassets; sourceTree = "<group>"; };
		8260A487288A53180032CEE3 /* Base */ = {isa = PBXFileReference; lastKnownFileType = file.storyboard; name = Base; path = Base.lproj/LaunchScreen.storyboard; sourceTree = "<group>"; };
		8260A489288A53180032CEE3 /* Info.plist */ = {isa = PBXFileReference; lastKnownFileType = text.plist.xml; path = Info.plist; sourceTree = "<group>"; };
		8260A48E288A53180032CEE3 /* uikit-playgroudTests.xctest */ = {isa = PBXFileReference; explicitFileType = wrapper.cfbundle; includeInIndex = 0; path = "uikit-playgroudTests.xctest"; sourceTree = BUILT_PRODUCTS_DIR; };
		8260A492288A53180032CEE3 /* uikit_playgroudTests.swift */ = {isa = PBXFileReference; lastKnownFileType = sourcecode.swift; path = uikit_playgroudTests.swift; sourceTree = "<group>"; };
		8260A498288A53180032CEE3 /* uikit-playgroudUITests.xctest */ = {isa = PBXFileReference; explicitFileType = wrapper.cfbundle; includeInIndex = 0; path = "uikit-playgroudUITests.xctest"; sourceTree = BUILT_PRODUCTS_DIR; };
		8260A49C288A53180032CEE3 /* uikit_playgroudUITests.swift */ = {isa = PBXFileReference; lastKnownFileType = sourcecode.swift; path = uikit_playgroudUITests.swift; sourceTree = "<group>"; };
		8260A49E288A53180032CEE3 /* uikit_playgroudUITestsLaunchTests.swift */ = {isa = PBXFileReference; lastKnownFileType = sourcecode.swift; path = uikit_playgroudUITestsLaunchTests.swift; sourceTree = "<group>"; };
		82B2816B2896F631001881B6 /* setup.swift */ = {isa = PBXFileReference; lastKnownFileType = sourcecode.swift; path = setup.swift; sourceTree = "<group>"; };
		82BAF80B2BAFDD37008FFB32 /* BalloonsViewController.swift */ = {isa = PBXFileReference; lastKnownFileType = sourcecode.swift; path = BalloonsViewController.swift; sourceTree = "<group>"; };
		82BAF80D2BB118BD008FFB32 /* BalloonsView.swift */ = {isa = PBXFileReference; lastKnownFileType = sourcecode.swift; path = BalloonsView.swift; sourceTree = "<group>"; };
		82BAF80F2BB118D7008FFB32 /* BalloonLayer.swift */ = {isa = PBXFileReference; lastKnownFileType = sourcecode.swift; path = BalloonLayer.swift; sourceTree = "<group>"; };
		82DA361928976FC40001D75F /* Experiment.swift */ = {isa = PBXFileReference; lastKnownFileType = sourcecode.swift; path = Experiment.swift; sourceTree = "<group>"; };
/* End PBXFileReference section */

/* Begin PBXFrameworksBuildPhase section */
		8260A475288A53150032CEE3 /* Frameworks */ = {
			isa = PBXFrameworksBuildPhase;
			buildActionMask = 2147483647;
			files = (
			);
			runOnlyForDeploymentPostprocessing = 0;
		};
		8260A48B288A53180032CEE3 /* Frameworks */ = {
			isa = PBXFrameworksBuildPhase;
			buildActionMask = 2147483647;
			files = (
			);
			runOnlyForDeploymentPostprocessing = 0;
		};
		8260A495288A53180032CEE3 /* Frameworks */ = {
			isa = PBXFrameworksBuildPhase;
			buildActionMask = 2147483647;
			files = (
			);
			runOnlyForDeploymentPostprocessing = 0;
		};
/* End PBXFrameworksBuildPhase section */

/* Begin PBXGroup section */
		825BCDEA2952DD8000DF8296 /* ExperimentsTable */ = {
			isa = PBXGroup;
			children = (
				825BCDEC2952DDBD00DF8296 /* ExperimentsViewController.swift */,
			);
			path = ExperimentsTable;
			sourceTree = "<group>";
		};
		825BCDEE2952F32000DF8296 /* CollectionView */ = {
			isa = PBXGroup;
			children = (
				825BCDEF2952F34700DF8296 /* ReorderCollectionViewController.swift */,
			);
			path = CollectionView;
			sourceTree = "<group>";
		};
		8260A46F288A53150032CEE3 = {
			isa = PBXGroup;
			children = (
				8260A47A288A53150032CEE3 /* uikit-playgroud */,
				8260A491288A53180032CEE3 /* uikit-playgroudTests */,
				8260A49B288A53180032CEE3 /* uikit-playgroudUITests */,
				8260A479288A53150032CEE3 /* Products */,
			);
			sourceTree = "<group>";
		};
		8260A479288A53150032CEE3 /* Products */ = {
			isa = PBXGroup;
			children = (
				8260A478288A53150032CEE3 /* uikit-playgroud.app */,
				8260A48E288A53180032CEE3 /* uikit-playgroudTests.xctest */,
				8260A498288A53180032CEE3 /* uikit-playgroudUITests.xctest */,
			);
			name = Products;
			sourceTree = "<group>";
		};
		8260A47A288A53150032CEE3 /* uikit-playgroud */ = {
			isa = PBXGroup;
			children = (
				825BCDEA2952DD8000DF8296 /* ExperimentsTable */,
				82B281682896F5C2001881B6 /* Utils */,
				82B281652896F55B001881B6 /* Experiments */,
				8260A47B288A53150032CEE3 /* AppDelegate.swift */,
				8260A47D288A53150032CEE3 /* SceneDelegate.swift */,
				8260A484288A53180032CEE3 /* Assets.xcassets */,
				8260A486288A53180032CEE3 /* LaunchScreen.storyboard */,
				8260A489288A53180032CEE3 /* Info.plist */,
			);
			path = "uikit-playgroud";
			sourceTree = "<group>";
		};
		8260A491288A53180032CEE3 /* uikit-playgroudTests */ = {
			isa = PBXGroup;
			children = (
				8260A492288A53180032CEE3 /* uikit_playgroudTests.swift */,
			);
			path = "uikit-playgroudTests";
			sourceTree = "<group>";
		};
		8260A49B288A53180032CEE3 /* uikit-playgroudUITests */ = {
			isa = PBXGroup;
			children = (
				8260A49C288A53180032CEE3 /* uikit_playgroudUITests.swift */,
				8260A49E288A53180032CEE3 /* uikit_playgroudUITestsLaunchTests.swift */,
			);
			path = "uikit-playgroudUITests";
			sourceTree = "<group>";
		};
		82B281652896F55B001881B6 /* Experiments */ = {
			isa = PBXGroup;
			children = (
				82BAF80A2BAFDA45008FFB32 /* Balloons */,
				825BCDEE2952F32000DF8296 /* CollectionView */,
				8260A47F288A53150032CEE3 /* TextView.swift */,
				82DA361928976FC40001D75F /* Experiment.swift */,
			);
			path = Experiments;
			sourceTree = "<group>";
		};
		82B281682896F5C2001881B6 /* Utils */ = {
			isa = PBXGroup;
			children = (
				82B2816B2896F631001881B6 /* setup.swift */,
			);
			path = Utils;
			sourceTree = "<group>";
		};
		82BAF80A2BAFDA45008FFB32 /* Balloons */ = {
			isa = PBXGroup;
			children = (
				82BAF80B2BAFDD37008FFB32 /* BalloonsViewController.swift */,
				82BAF80D2BB118BD008FFB32 /* BalloonsView.swift */,
				82BAF80F2BB118D7008FFB32 /* BalloonLayer.swift */,
			);
			path = Balloons;
			sourceTree = "<group>";
		};
/* End PBXGroup section */

/* Begin PBXNativeTarget section */
		8260A477288A53150032CEE3 /* uikit-playgroud */ = {
			isa = PBXNativeTarget;
			buildConfigurationList = 8260A4A2288A53180032CEE3 /* Build configuration list for PBXNativeTarget "uikit-playgroud" */;
			buildPhases = (
				8260A474288A53150032CEE3 /* Sources */,
				8260A475288A53150032CEE3 /* Frameworks */,
				8260A476288A53150032CEE3 /* Resources */,
			);
			buildRules = (
			);
			dependencies = (
			);
			name = "uikit-playgroud";
			productName = "uikit-playgroud";
			productReference = 8260A478288A53150032CEE3 /* uikit-playgroud.app */;
			productType = "com.apple.product-type.application";
		};
		8260A48D288A53180032CEE3 /* uikit-playgroudTests */ = {
			isa = PBXNativeTarget;
			buildConfigurationList = 8260A4A5288A53180032CEE3 /* Build configuration list for PBXNativeTarget "uikit-playgroudTests" */;
			buildPhases = (
				8260A48A288A53180032CEE3 /* Sources */,
				8260A48B288A53180032CEE3 /* Frameworks */,
				8260A48C288A53180032CEE3 /* Resources */,
			);
			buildRules = (
			);
			dependencies = (
				8260A490288A53180032CEE3 /* PBXTargetDependency */,
			);
			name = "uikit-playgroudTests";
			productName = "uikit-playgroudTests";
			productReference = 8260A48E288A53180032CEE3 /* uikit-playgroudTests.xctest */;
			productType = "com.apple.product-type.bundle.unit-test";
		};
		8260A497288A53180032CEE3 /* uikit-playgroudUITests */ = {
			isa = PBXNativeTarget;
			buildConfigurationList = 8260A4A8288A53180032CEE3 /* Build configuration list for PBXNativeTarget "uikit-playgroudUITests" */;
			buildPhases = (
				8260A494288A53180032CEE3 /* Sources */,
				8260A495288A53180032CEE3 /* Frameworks */,
				8260A496288A53180032CEE3 /* Resources */,
			);
			buildRules = (
			);
			dependencies = (
				8260A49A288A53180032CEE3 /* PBXTargetDependency */,
			);
			name = "uikit-playgroudUITests";
			productName = "uikit-playgroudUITests";
			productReference = 8260A498288A53180032CEE3 /* uikit-playgroudUITests.xctest */;
			productType = "com.apple.product-type.bundle.ui-testing";
		};
/* End PBXNativeTarget section */

/* Begin PBXProject section */
		8260A470288A53150032CEE3 /* Project object */ = {
			isa = PBXProject;
			attributes = {
				BuildIndependentTargetsInParallel = 1;
				LastSwiftUpdateCheck = 1340;
				LastUpgradeCheck = 1530;
				TargetAttributes = {
					8260A477288A53150032CEE3 = {
						CreatedOnToolsVersion = 13.4.1;
					};
					8260A48D288A53180032CEE3 = {
						CreatedOnToolsVersion = 13.4.1;
						TestTargetID = 8260A477288A53150032CEE3;
					};
					8260A497288A53180032CEE3 = {
						CreatedOnToolsVersion = 13.4.1;
						TestTargetID = 8260A477288A53150032CEE3;
					};
				};
			};
			buildConfigurationList = 8260A473288A53150032CEE3 /* Build configuration list for PBXProject "uikit-playgroud" */;
			compatibilityVersion = "Xcode 13.0";
			developmentRegion = en;
			hasScannedForEncodings = 0;
			knownRegions = (
				en,
				Base,
			);
			mainGroup = 8260A46F288A53150032CEE3;
			productRefGroup = 8260A479288A53150032CEE3 /* Products */;
			projectDirPath = "";
			projectRoot = "";
			targets = (
				8260A477288A53150032CEE3 /* uikit-playgroud */,
				8260A48D288A53180032CEE3 /* uikit-playgroudTests */,
				8260A497288A53180032CEE3 /* uikit-playgroudUITests */,
			);
		};
/* End PBXProject section */

/* Begin PBXResourcesBuildPhase section */
		8260A476288A53150032CEE3 /* Resources */ = {
			isa = PBXResourcesBuildPhase;
			buildActionMask = 2147483647;
			files = (
				8260A488288A53180032CEE3 /* LaunchScreen.storyboard in Resources */,
				8260A485288A53180032CEE3 /* Assets.xcassets in Resources */,
			);
			runOnlyForDeploymentPostprocessing = 0;
		};
		8260A48C288A53180032CEE3 /* Resources */ = {
			isa = PBXResourcesBuildPhase;
			buildActionMask = 2147483647;
			files = (
			);
			runOnlyForDeploymentPostprocessing = 0;
		};
		8260A496288A53180032CEE3 /* Resources */ = {
			isa = PBXResourcesBuildPhase;
			buildActionMask = 2147483647;
			files = (
			);
			runOnlyForDeploymentPostprocessing = 0;
		};
/* End PBXResourcesBuildPhase section */

/* Begin PBXSourcesBuildPhase section */
		8260A474288A53150032CEE3 /* Sources */ = {
			isa = PBXSourcesBuildPhase;
			buildActionMask = 2147483647;
			files = (
				82BAF80C2BAFDD37008FFB32 /* BalloonsViewController.swift in Sources */,
				82BAF80E2BB118BD008FFB32 /* BalloonsView.swift in Sources */,
				82DA361A28976FC40001D75F /* Experiment.swift in Sources */,
				825BCDF02952F34700DF8296 /* ReorderCollectionViewController.swift in Sources */,
				8260A480288A53150032CEE3 /* TextView.swift in Sources */,
				8260A47C288A53150032CEE3 /* AppDelegate.swift in Sources */,
				825BCDED2952DDBD00DF8296 /* ExperimentsViewController.swift in Sources */,
				82B2816C2896F631001881B6 /* setup.swift in Sources */,
				8260A47E288A53150032CEE3 /* SceneDelegate.swift in Sources */,
				82BAF8102BB118D7008FFB32 /* BalloonLayer.swift in Sources */,
			);
			runOnlyForDeploymentPostprocessing = 0;
		};
		8260A48A288A53180032CEE3 /* Sources */ = {
			isa = PBXSourcesBuildPhase;
			buildActionMask = 2147483647;
			files = (
				8260A493288A53180032CEE3 /* uikit_playgroudTests.swift in Sources */,
			);
			runOnlyForDeploymentPostprocessing = 0;
		};
		8260A494288A53180032CEE3 /* Sources */ = {
			isa = PBXSourcesBuildPhase;
			buildActionMask = 2147483647;
			files = (
				8260A49D288A53180032CEE3 /* uikit_playgroudUITests.swift in Sources */,
				8260A49F288A53180032CEE3 /* uikit_playgroudUITestsLaunchTests.swift in Sources */,
			);
			runOnlyForDeploymentPostprocessing = 0;
		};
/* End PBXSourcesBuildPhase section */

/* Begin PBXTargetDependency section */
		8260A490288A53180032CEE3 /* PBXTargetDependency */ = {
			isa = PBXTargetDependency;
			target = 8260A477288A53150032CEE3 /* uikit-playgroud */;
			targetProxy = 8260A48F288A53180032CEE3 /* PBXContainerItemProxy */;
		};
		8260A49A288A53180032CEE3 /* PBXTargetDependency */ = {
			isa = PBXTargetDependency;
			target = 8260A477288A53150032CEE3 /* uikit-playgroud */;
			targetProxy = 8260A499288A53180032CEE3 /* PBXContainerItemProxy */;
		};
/* End PBXTargetDependency section */

/* Begin PBXVariantGroup section */
		8260A486288A53180032CEE3 /* LaunchScreen.storyboard */ = {
			isa = PBXVariantGroup;
			children = (
				8260A487288A53180032CEE3 /* Base */,
			);
			name = LaunchScreen.storyboard;
			sourceTree = "<group>";
		};
/* End PBXVariantGroup section */

/* Begin XCBuildConfiguration section */
		8260A4A0288A53180032CEE3 /* Debug */ = {
			isa = XCBuildConfiguration;
			buildSettings = {
				ALWAYS_SEARCH_USER_PATHS = NO;
				CLANG_ANALYZER_NONNULL = YES;
				CLANG_ANALYZER_NUMBER_OBJECT_CONVERSION = YES_AGGRESSIVE;
				CLANG_CXX_LANGUAGE_STANDARD = "gnu++17";
				CLANG_ENABLE_MODULES = YES;
				CLANG_ENABLE_OBJC_ARC = YES;
				CLANG_ENABLE_OBJC_WEAK = YES;
				CLANG_WARN_BLOCK_CAPTURE_AUTORELEASING = YES;
				CLANG_WARN_BOOL_CONVERSION = YES;
				CLANG_WARN_COMMA = YES;
				CLANG_WARN_CONSTANT_CONVERSION = YES;
				CLANG_WARN_DEPRECATED_OBJC_IMPLEMENTATIONS = YES;
				CLANG_WARN_DIRECT_OBJC_ISA_USAGE = YES_ERROR;
				CLANG_WARN_DOCUMENTATION_COMMENTS = YES;
				CLANG_WARN_EMPTY_BODY = YES;
				CLANG_WARN_ENUM_CONVERSION = YES;
				CLANG_WARN_INFINITE_RECURSION = YES;
				CLANG_WARN_INT_CONVERSION = YES;
				CLANG_WARN_NON_LITERAL_NULL_CONVERSION = YES;
				CLANG_WARN_OBJC_IMPLICIT_RETAIN_SELF = YES;
				CLANG_WARN_OBJC_LITERAL_CONVERSION = YES;
				CLANG_WARN_OBJC_ROOT_CLASS = YES_ERROR;
				CLANG_WARN_QUOTED_INCLUDE_IN_FRAMEWORK_HEADER = YES;
				CLANG_WARN_RANGE_LOOP_ANALYSIS = YES;
				CLANG_WARN_STRICT_PROTOTYPES = YES;
				CLANG_WARN_SUSPICIOUS_MOVE = YES;
				CLANG_WARN_UNGUARDED_AVAILABILITY = YES_AGGRESSIVE;
				CLANG_WARN_UNREACHABLE_CODE = YES;
				CLANG_WARN__DUPLICATE_METHOD_MATCH = YES;
				COPY_PHASE_STRIP = NO;
				DEBUG_INFORMATION_FORMAT = dwarf;
				ENABLE_STRICT_OBJC_MSGSEND = YES;
				ENABLE_TESTABILITY = YES;
				ENABLE_USER_SCRIPT_SANDBOXING = YES;
				GCC_C_LANGUAGE_STANDARD = gnu11;
				GCC_DYNAMIC_NO_PIC = NO;
				GCC_NO_COMMON_BLOCKS = YES;
				GCC_OPTIMIZATION_LEVEL = 0;
				GCC_PREPROCESSOR_DEFINITIONS = (
					"DEBUG=1",
					"$(inherited)",
				);
				GCC_WARN_64_TO_32_BIT_CONVERSION = YES;
				GCC_WARN_ABOUT_RETURN_TYPE = YES_ERROR;
				GCC_WARN_UNDECLARED_SELECTOR = YES;
				GCC_WARN_UNINITIALIZED_AUTOS = YES_AGGRESSIVE;
				GCC_WARN_UNUSED_FUNCTION = YES;
				GCC_WARN_UNUSED_VARIABLE = YES;
				IPHONEOS_DEPLOYMENT_TARGET = 15.5;
				MTL_ENABLE_DEBUG_INFO = INCLUDE_SOURCE;
				MTL_FAST_MATH = YES;
				ONLY_ACTIVE_ARCH = YES;
				SDKROOT = iphoneos;
				SWIFT_ACTIVE_COMPILATION_CONDITIONS = DEBUG;
				SWIFT_OPTIMIZATION_LEVEL = "-Onone";
			};
			name = Debug;
		};
		8260A4A1288A53180032CEE3 /* Release */ = {
			isa = XCBuildConfiguration;
			buildSettings = {
				ALWAYS_SEARCH_USER_PATHS = NO;
				CLANG_ANALYZER_NONNULL = YES;
				CLANG_ANALYZER_NUMBER_OBJECT_CONVERSION = YES_AGGRESSIVE;
				CLANG_CXX_LANGUAGE_STANDARD = "gnu++17";
				CLANG_ENABLE_MODULES = YES;
				CLANG_ENABLE_OBJC_ARC = YES;
				CLANG_ENABLE_OBJC_WEAK = YES;
				CLANG_WARN_BLOCK_CAPTURE_AUTORELEASING = YES;
				CLANG_WARN_BOOL_CONVERSION = YES;
				CLANG_WARN_COMMA = YES;
				CLANG_WARN_CONSTANT_CONVERSION = YES;
				CLANG_WARN_DEPRECATED_OBJC_IMPLEMENTATIONS = YES;
				CLANG_WARN_DIRECT_OBJC_ISA_USAGE = YES_ERROR;
				CLANG_WARN_DOCUMENTATION_COMMENTS = YES;
				CLANG_WARN_EMPTY_BODY = YES;
				CLANG_WARN_ENUM_CONVERSION = YES;
				CLANG_WARN_INFINITE_RECURSION = YES;
				CLANG_WARN_INT_CONVERSION = YES;
				CLANG_WARN_NON_LITERAL_NULL_CONVERSION = YES;
				CLANG_WARN_OBJC_IMPLICIT_RETAIN_SELF = YES;
				CLANG_WARN_OBJC_LITERAL_CONVERSION = YES;
				CLANG_WARN_OBJC_ROOT_CLASS = YES_ERROR;
				CLANG_WARN_QUOTED_INCLUDE_IN_FRAMEWORK_HEADER = YES;
				CLANG_WARN_RANGE_LOOP_ANALYSIS = YES;
				CLANG_WARN_STRICT_PROTOTYPES = YES;
				CLANG_WARN_SUSPICIOUS_MOVE = YES;
				CLANG_WARN_UNGUARDED_AVAILABILITY = YES_AGGRESSIVE;
				CLANG_WARN_UNREACHABLE_CODE = YES;
				CLANG_WARN__DUPLICATE_METHOD_MATCH = YES;
				COPY_PHASE_STRIP = NO;
				DEBUG_INFORMATION_FORMAT = "dwarf-with-dsym";
				ENABLE_NS_ASSERTIONS = NO;
				ENABLE_STRICT_OBJC_MSGSEND = YES;
				ENABLE_USER_SCRIPT_SANDBOXING = YES;
				GCC_C_LANGUAGE_STANDARD = gnu11;
				GCC_NO_COMMON_BLOCKS = YES;
				GCC_WARN_64_TO_32_BIT_CONVERSION = YES;
				GCC_WARN_ABOUT_RETURN_TYPE = YES_ERROR;
				GCC_WARN_UNDECLARED_SELECTOR = YES;
				GCC_WARN_UNINITIALIZED_AUTOS = YES_AGGRESSIVE;
				GCC_WARN_UNUSED_FUNCTION = YES;
				GCC_WARN_UNUSED_VARIABLE = YES;
				IPHONEOS_DEPLOYMENT_TARGET = 15.5;
				MTL_ENABLE_DEBUG_INFO = NO;
				MTL_FAST_MATH = YES;
				SDKROOT = iphoneos;
				SWIFT_COMPILATION_MODE = wholemodule;
				SWIFT_OPTIMIZATION_LEVEL = "-O";
				VALIDATE_PRODUCT = YES;
			};
			name = Release;
		};
		8260A4A3288A53180032CEE3 /* Debug */ = {
			isa = XCBuildConfiguration;
			buildSettings = {
				ASSETCATALOG_COMPILER_APPICON_NAME = AppIcon;
				ASSETCATALOG_COMPILER_GLOBAL_ACCENT_COLOR_NAME = AccentColor;
				CODE_SIGN_STYLE = Automatic;
				CURRENT_PROJECT_VERSION = 1;
				DEVELOPMENT_TEAM = 93BMXJR4C7;
				GENERATE_INFOPLIST_FILE = YES;
				INFOPLIST_FILE = "uikit-playgroud/Info.plist";
				INFOPLIST_KEY_CFBundleDisplayName = "UIKit Playground";
				INFOPLIST_KEY_UIApplicationSupportsIndirectInputEvents = YES;
				INFOPLIST_KEY_UILaunchStoryboardName = LaunchScreen;
				INFOPLIST_KEY_UISupportedInterfaceOrientations_iPad = "UIInterfaceOrientationPortrait UIInterfaceOrientationPortraitUpsideDown UIInterfaceOrientationLandscapeLeft UIInterfaceOrientationLandscapeRight";
				INFOPLIST_KEY_UISupportedInterfaceOrientations_iPhone = "UIInterfaceOrientationPortrait UIInterfaceOrientationLandscapeLeft UIInterfaceOrientationLandscapeRight";
				LD_RUNPATH_SEARCH_PATHS = (
					"$(inherited)",
					"@executable_path/Frameworks",
				);
				MARKETING_VERSION = 1.0;
				PRODUCT_BUNDLE_IDENTIFIER = "com.egecavusoglu.uikit-playgroud";
				PRODUCT_NAME = "$(TARGET_NAME)";
				SWIFT_EMIT_LOC_STRINGS = YES;
				SWIFT_VERSION = 5.0;
				TARGETED_DEVICE_FAMILY = "1,2";
			};
			name = Debug;
		};
		8260A4A4288A53180032CEE3 /* Release */ = {
			isa = XCBuildConfiguration;
			buildSettings = {
				ASSETCATALOG_COMPILER_APPICON_NAME = AppIcon;
				ASSETCATALOG_COMPILER_GLOBAL_ACCENT_COLOR_NAME = AccentColor;
				CODE_SIGN_STYLE = Automatic;
				CURRENT_PROJECT_VERSION = 1;
				DEVELOPMENT_TEAM = 93BMXJR4C7;
				GENERATE_INFOPLIST_FILE = YES;
				INFOPLIST_FILE = "uikit-playgroud/Info.plist";
				INFOPLIST_KEY_CFBundleDisplayName = "UIKit Playground";
				INFOPLIST_KEY_UIApplicationSupportsIndirectInputEvents = YES;
				INFOPLIST_KEY_UILaunchStoryboardName = LaunchScreen;
				INFOPLIST_KEY_UISupportedInterfaceOrientations_iPad = "UIInterfaceOrientationPortrait UIInterfaceOrientationPortraitUpsideDown UIInterfaceOrientationLandscapeLeft UIInterfaceOrientationLandscapeRight";
				INFOPLIST_KEY_UISupportedInterfaceOrientations_iPhone = "UIInterfaceOrientationPortrait UIInterfaceOrientationLandscapeLeft UIInterfaceOrientationLandscapeRight";
				LD_RUNPATH_SEARCH_PATHS = (
					"$(inherited)",
					"@executable_path/Frameworks",
				);
				MARKETING_VERSION = 1.0;
				PRODUCT_BUNDLE_IDENTIFIER = "com.egecavusoglu.uikit-playgroud";
				PRODUCT_NAME = "$(TARGET_NAME)";
				SWIFT_EMIT_LOC_STRINGS = YES;
				SWIFT_VERSION = 5.0;
				TARGETED_DEVICE_FAMILY = "1,2";
			};
			name = Release;
		};
		8260A4A6288A53180032CEE3 /* Debug */ = {
			isa = XCBuildConfiguration;
			buildSettings = {
				ALWAYS_EMBED_SWIFT_STANDARD_LIBRARIES = YES;
				BUNDLE_LOADER = "$(TEST_HOST)";
				CODE_SIGN_STYLE = Automatic;
				CURRENT_PROJECT_VERSION = 1;
				DEVELOPMENT_TEAM = 93BMXJR4C7;
				GENERATE_INFOPLIST_FILE = YES;
				IPHONEOS_DEPLOYMENT_TARGET = 15.5;
				MARKETING_VERSION = 1.0;
				PRODUCT_BUNDLE_IDENTIFIER = "com.egecavusoglu.uikit-playgroudTests";
				PRODUCT_NAME = "$(TARGET_NAME)";
				SWIFT_EMIT_LOC_STRINGS = NO;
				SWIFT_VERSION = 5.0;
				TARGETED_DEVICE_FAMILY = "1,2";
				TEST_HOST = "$(BUILT_PRODUCTS_DIR)/uikit-playgroud.app/uikit-playgroud";
			};
			name = Debug;
		};
		8260A4A7288A53180032CEE3 /* Release */ = {
			isa = XCBuildConfiguration;
			buildSettings = {
				ALWAYS_EMBED_SWIFT_STANDARD_LIBRARIES = YES;
				BUNDLE_LOADER = "$(TEST_HOST)";
				CODE_SIGN_STYLE = Automatic;
				CURRENT_PROJECT_VERSION = 1;
				DEVELOPMENT_TEAM = 93BMXJR4C7;
				GENERATE_INFOPLIST_FILE = YES;
				IPHONEOS_DEPLOYMENT_TARGET = 15.5;
				MARKETING_VERSION = 1.0;
				PRODUCT_BUNDLE_IDENTIFIER = "com.egecavusoglu.uikit-playgroudTests";
				PRODUCT_NAME = "$(TARGET_NAME)";
				SWIFT_EMIT_LOC_STRINGS = NO;
				SWIFT_VERSION = 5.0;
				TARGETED_DEVICE_FAMILY = "1,2";
				TEST_HOST = "$(BUILT_PRODUCTS_DIR)/uikit-playgroud.app/uikit-playgroud";
			};
			name = Release;
		};
		8260A4A9288A53180032CEE3 /* Debug */ = {
			isa = XCBuildConfiguration;
			buildSettings = {
				ALWAYS_EMBED_SWIFT_STANDARD_LIBRARIES = YES;
				CODE_SIGN_STYLE = Automatic;
				CURRENT_PROJECT_VERSION = 1;
				DEVELOPMENT_TEAM = 93BMXJR4C7;
				GENERATE_INFOPLIST_FILE = YES;
				MARKETING_VERSION = 1.0;
				PRODUCT_BUNDLE_IDENTIFIER = "com.egecavusoglu.uikit-playgroudUITests";
				PRODUCT_NAME = "$(TARGET_NAME)";
				SWIFT_EMIT_LOC_STRINGS = NO;
				SWIFT_VERSION = 5.0;
				TARGETED_DEVICE_FAMILY = "1,2";
				TEST_TARGET_NAME = "uikit-playgroud";
			};
			name = Debug;
		};
		8260A4AA288A53180032CEE3 /* Release */ = {
			isa = XCBuildConfiguration;
			buildSettings = {
				ALWAYS_EMBED_SWIFT_STANDARD_LIBRARIES = YES;
				CODE_SIGN_STYLE = Automatic;
				CURRENT_PROJECT_VERSION = 1;
				DEVELOPMENT_TEAM = 93BMXJR4C7;
				GENERATE_INFOPLIST_FILE = YES;
				MARKETING_VERSION = 1.0;
				PRODUCT_BUNDLE_IDENTIFIER = "com.egecavusoglu.uikit-playgroudUITests";
				PRODUCT_NAME = "$(TARGET_NAME)";
				SWIFT_EMIT_LOC_STRINGS = NO;
				SWIFT_VERSION = 5.0;
				TARGETED_DEVICE_FAMILY = "1,2";
				TEST_TARGET_NAME = "uikit-playgroud";
			};
			name = Release;
		};
/* End XCBuildConfiguration section */

/* Begin XCConfigurationList section */
		8260A473288A53150032CEE3 /* Build configuration list for PBXProject "uikit-playgroud" */ = {
			isa = XCConfigurationList;
			buildConfigurations = (
				8260A4A0288A53180032CEE3 /* Debug */,
				8260A4A1288A53180032CEE3 /* Release */,
			);
			defaultConfigurationIsVisible = 0;
			defaultConfigurationName = Release;
		};
		8260A4A2288A53180032CEE3 /* Build configuration list for PBXNativeTarget "uikit-playgroud" */ = {
			isa = XCConfigurationList;
			buildConfigurations = (
				8260A4A3288A53180032CEE3 /* Debug */,
				8260A4A4288A53180032CEE3 /* Release */,
			);
			defaultConfigurationIsVisible = 0;
			defaultConfigurationName = Release;
		};
		8260A4A5288A53180032CEE3 /* Build configuration list for PBXNativeTarget "uikit-playgroudTests" */ = {
			isa = XCConfigurationList;
			buildConfigurations = (
				8260A4A6288A53180032CEE3 /* Debug */,
				8260A4A7288A53180032CEE3 /* Release */,
			);
			defaultConfigurationIsVisible = 0;
			defaultConfigurationName = Release;
		};
		8260A4A8288A53180032CEE3 /* Build configuration list for PBXNativeTarget "uikit-playgroudUITests" */ = {
			isa = XCConfigurationList;
			buildConfigurations = (
				8260A4A9288A53180032CEE3 /* Debug */,
				8260A4AA288A53180032CEE3 /* Release */,
			);
			defaultConfigurationIsVisible = 0;
			defaultConfigurationName = Release;
		};
/* End XCConfigurationList section */
	};
	rootObject = 8260A470288A53150032CEE3 /* Project object */;
}
